
Microsoft Visual Studio Solution File, Format Version 12.00
# Visual Studio Version 17
VisualStudioVersion = 17.11.35327.3
MinimumVisualStudioVersion = 10.0.40219.1
Project("{9A19103F-16F7-4668-BE54-9A1E7A4F7556}") = "FiapGrupo57Fase2.WebAPI", "FiapGrupo57Fase2.WebAPI\FiapGrupo57Fase2.WebAPI.csproj", "{33745885-CC8E-4105-8235-8D098455CC72}"
EndProject
Project("{9A19103F-16F7-4668-BE54-9A1E7A4F7556}") = "FiapGrupo57Fase2.Infrastructure", "FiapGrupo57Fase2.Infrastructure\FiapGrupo57Fase2.Infrastructure.csproj", "{1E3C4012-7BC6-4B4C-A1CA-8048BEA04F9E}"
EndProject
Project("{9A19103F-16F7-4668-BE54-9A1E7A4F7556}") = "FiapGrupo57Fase2.Domain", "FiapGrupo57Fase2.Domain\FiapGrupo57Fase2.Domain.csproj", "{D88F29CA-A892-4E8C-B652-8666D80467C2}"
EndProject
Project("{9A19103F-16F7-4668-BE54-9A1E7A4F7556}") = "FiapGrupo57Fase2.Repository", "FiapGrupo57Fase2.Repository\FiapGrupo57Fase2.Repository.csproj", "{531904A3-F57F-4D1E-B768-24669886F808}"
EndProject
Project("{9A19103F-16F7-4668-BE54-9A1E7A4F7556}") = "FiapGrupo57Fase2.Service", "FiapGrupo57Fase2.Service\FiapGrupo57Fase2.Service.csproj", "{56423044-64D9-41BE-AA83-D95110E9FAF5}"
EndProject
Project("{FAE04EC0-301F-11D3-BF4B-00C04F79EFBC}") = "FiapGrupo57Fase2.DTO", "FiapGrupo57Fase2.DTO\FiapGrupo57Fase2.DTO.csproj", "{0B1628E2-22BA-457D-A261-CAECB38E4929}"
EndProject
Global
	GlobalSection(SolutionConfigurationPlatforms) = preSolution
		Debug|Any CPU = Debug|Any CPU
		Release|Any CPU = Release|Any CPU
	EndGlobalSection
	GlobalSection(ProjectConfigurationPlatforms) = postSolution
		{33745885-CC8E-4105-8235-8D098455CC72}.Debug|Any CPU.ActiveCfg = Debug|Any CPU
		{33745885-CC8E-4105-8235-8D098455CC72}.Debug|Any CPU.Build.0 = Debug|Any CPU
		{33745885-CC8E-4105-8235-8D098455CC72}.Release|Any CPU.ActiveCfg = Release|Any CPU
		{33745885-CC8E-4105-8235-8D098455CC72}.Release|Any CPU.Build.0 = Release|Any CPU
		{1E3C4012-7BC6-4B4C-A1CA-8048BEA04F9E}.Debug|Any CPU.ActiveCfg = Debug|Any CPU
		{1E3C4012-7BC6-4B4C-A1CA-8048BEA04F9E}.Debug|Any CPU.Build.0 = Debug|Any CPU
		{1E3C4012-7BC6-4B4C-A1CA-8048BEA04F9E}.Release|Any CPU.ActiveCfg = Release|Any CPU
		{1E3C4012-7BC6-4B4C-A1CA-8048BEA04F9E}.Release|Any CPU.Build.0 = Release|Any CPU
		{D88F29CA-A892-4E8C-B652-8666D80467C2}.Debug|Any CPU.ActiveCfg = Debug|Any CPU
		{D88F29CA-A892-4E8C-B652-8666D80467C2}.Debug|Any CPU.Build.0 = Debug|Any CPU
		{D88F29CA-A892-4E8C-B652-8666D80467C2}.Release|Any CPU.ActiveCfg = Release|Any CPU
		{D88F29CA-A892-4E8C-B652-8666D80467C2}.Release|Any CPU.Build.0 = Release|Any CPU
		{531904A3-F57F-4D1E-B768-24669886F808}.Debug|Any CPU.ActiveCfg = Debug|Any CPU
		{531904A3-F57F-4D1E-B768-24669886F808}.Debug|Any CPU.Build.0 = Debug|Any CPU
		{531904A3-F57F-4D1E-B768-24669886F808}.Release|Any CPU.ActiveCfg = Release|Any CPU
		{531904A3-F57F-4D1E-B768-24669886F808}.Release|Any CPU.Build.0 = Release|Any CPU
		{56423044-64D9-41BE-AA83-D95110E9FAF5}.Debug|Any CPU.ActiveCfg = Debug|Any CPU
		{56423044-64D9-41BE-AA83-D95110E9FAF5}.Debug|Any CPU.Build.0 = Debug|Any CPU
		{56423044-64D9-41BE-AA83-D95110E9FAF5}.Release|Any CPU.ActiveCfg = Release|Any CPU
		{56423044-64D9-41BE-AA83-D95110E9FAF5}.Release|Any CPU.Build.0 = Release|Any CPU
		{0B1628E2-22BA-457D-A261-CAECB38E4929}.Debug|Any CPU.ActiveCfg = Debug|Any CPU
		{0B1628E2-22BA-457D-A261-CAECB38E4929}.Debug|Any CPU.Build.0 = Debug|Any CPU
		{0B1628E2-22BA-457D-A261-CAECB38E4929}.Release|Any CPU.ActiveCfg = Release|Any CPU
		{0B1628E2-22BA-457D-A261-CAECB38E4929}.Release|Any CPU.Build.0 = Release|Any CPU
	EndGlobalSection
	GlobalSection(SolutionProperties) = preSolution
		HideSolutionNode = FALSE
	EndGlobalSection
	GlobalSection(ExtensibilityGlobals) = postSolution
		SolutionGuid = {35C9336E-8FFB-4DFC-9390-2DBFCED8B8B8}
	EndGlobalSection
EndGlobal
